
Microsoft Visual Studio Solution File, Format Version 12.00
# Visual Studio 2012
Project("{8BC9CEB8-8B4A-11D0-8D11-00A0C91BC942}") = "phase2 yrab", "phase2 yrab\phase2 yrab.vcxproj", "{FA783B49-891D-4EAE-8785-C910560E6C2A}"
EndProject
Global
	GlobalSection(SolutionConfigurationPlatforms) = preSolution
		Debug|Win32 = Debug|Win32
		Release|Win32 = Release|Win32
	EndGlobalSection
	GlobalSection(ProjectConfigurationPlatforms) = postSolution
		{FA783B49-891D-4EAE-8785-C910560E6C2A}.Debug|Win32.ActiveCfg = Debug|Win32
		{FA783B49-891D-4EAE-8785-C910560E6C2A}.Debug|Win32.Build.0 = Debug|Win32
		{FA783B49-891D-4EAE-8785-C910560E6C2A}.Release|Win32.ActiveCfg = Release|Win32
		{FA783B49-891D-4EAE-8785-C910560E6C2A}.Release|Win32.Build.0 = Release|Win32
	EndGlobalSection
	GlobalSection(SolutionProperties) = preSolution
		HideSolutionNode = FALSE
	EndGlobalSection
EndGlobal
